<?xml version="1.0" encoding="utf-8"?>
<Project ToolsVersion="4.0" xmlns="http://schemas.microsoft.com/developer/msbuild/2003">
  <ItemGroup>
    <ClCompile Include="main.cpp" />
    <ClCompile Include="..\Classes\AppDelegate.cpp" />
  </ItemGroup>
  <ItemGroup>
    <ClInclude Include="main.h" />
    <ClInclude Include="resource.h" />
    <ClInclude Include="..\Classes\AppDelegate.h" />
  </ItemGroup>
  <ItemGroup>
    <None Include="res\AnotherWorld.ico" />
    <None Include="..\js\config.js">
      <Filter>js</Filter>
    </None>
    <None Include="..\js\header.js">
      <Filter>js</Filter>
    </None>
    <None Include="..\js\extra\json.js">
      <Filter>js\extra</Filter>
    </None>
    <None Include="..\js\extra\class.js">
      <Filter>js\extra</Filter>
    </None>
    <None Include="..\js\extra\dispatcher.js">
      <Filter>js\extra</Filter>
    </None>
    <None Include="..\js\extra\hashlib.js">
      <Filter>js\extra</Filter>
    </None>
    <None Include="..\js\extra\header.js">
      <Filter>js\extra</Filter>
    </None>
    <None Include="..\js\extra\http.js">
      <Filter>js\extra</Filter>
    </None>
    <None Include="..\js\objects\traveller.js">
      <Filter>js\objects</Filter>
    </None>
    <None Include="..\js\objects\equipment.js">
      <Filter>js\objects</Filter>
    </None>
    <None Include="..\js\objects\item.js">
      <Filter>js\objects</Filter>
    </None>
    <None Include="..\js\objects\itemfactory.js">
      <Filter>js\objects</Filter>
    </None>
    <None Include="..\js\objects\soul.js">
      <Filter>js\objects</Filter>
    </None>
    <None Include="..\js\extra\msg.js">
      <Filter>js\extra</Filter>
    </None>
    <None Include="..\js\data\itembase.js">
      <Filter>js\data</Filter>
    </None>
    <None Include="..\js\objects\role.js">
      <Filter>js\objects</Filter>
    </None>
    <None Include="..\js\objects\player.js">
      <Filter>js\objects</Filter>
    </None>
    <None Include="..\js\scene\mainscene.js">
      <Filter>js\scene</Filter>
    </None>
    <None Include="..\js\scene\loginscene.js">
      <Filter>js\scene</Filter>
    </None>
    <None Include="..\js\ui\loading.js">
      <Filter>js\ui</Filter>
    </None>
    <None Include="..\js\extra\virtualhttp.js">
      <Filter>js\extra</Filter>
    </None>
    <None Include="..\js\extra\gfunc.js">
      <Filter>js\extra</Filter>
    </None>
    <None Include="..\js\data\retcode.js">
      <Filter>js\data</Filter>
    </None>
    <None Include="..\js\scene\battlescene.js">
      <Filter>js\scene</Filter>
    </None>
    <None Include="..\js\scene\pvpscene.js">
      <Filter>js\scene</Filter>
    </None>
    <None Include="..\js\scene\questscene.js">
      <Filter>js\scene</Filter>
    </None>
    <None Include="..\js\scene\storescene.js">
      <Filter>js\scene</Filter>
    </None>
    <None Include="..\js\ui\card.js">
      <Filter>js\ui</Filter>
    </None>
    <None Include="..\js\data\anim.js">
      <Filter>js\data</Filter>
    </None>
    <None Include="..\js\data\skillbase.js">
      <Filter>js\data</Filter>
    </None>
    <None Include="..\js\app.js">
      <Filter>js</Filter>
    </None>
    <None Include="..\js\state\start.js">
      <Filter>js\state</Filter>
    </None>
    <None Include="..\js\state\action.js">
      <Filter>js\state</Filter>
    </None>
    <None Include="..\js\state\endturn.js">
      <Filter>js\state</Filter>
    </None>
    <None Include="..\js\state\finish.js">
      <Filter>js\state</Filter>
    </None>
    <None Include="..\js\state\newturn.js">
      <Filter>js\state</Filter>
    </None>
    <None Include="..\js\state\normal.js">
      <Filter>js\state</Filter>
    </None>
    <None Include="..\js\state\anim.js">
      <Filter>js\state</Filter>
    </None>
    <None Include="..\js\objects\skill.js">
      <Filter>js\objects</Filter>
    </None>
    <None Include="..\js\data\soulbase.js">
      <Filter>js\data</Filter>
    </None>
    <None Include="..\js\data\equipmentbase.js">
      <Filter>js\data</Filter>
    </None>
    <None Include="..\js\data\soulset.js">
      <Filter>js\data</Filter>
    </None>
    <None Include="..\js\data\equipmentset.js">
      <Filter>js\data</Filter>
    </None>
    <None Include="..\js\objects\warrior.js">
      <Filter>js\objects</Filter>
    </None>
    <None Include="..\js\extra\functask.js">
      <Filter>js\extra</Filter>
    </None>
    <None Include="..\js\ui\indicator.js">
      <Filter>js\ui</Filter>
    </None>
    <None Include="..\js\objects\buff.js">
      <Filter>js\objects</Filter>
    </None>
    <None Include="..\js\data\buffbase.js">
      <Filter>js\data</Filter>
    </None>
    <None Include="..\js\skill\guard.js">
      <Filter>js\skill</Filter>
    </None>
    <None Include="..\js\skill\base.js">
      <Filter>js\skill</Filter>
    </None>
    <None Include="..\js\skill\missile.js">
      <Filter>js\skill</Filter>
    </None>
    <None Include="..\js\ui\token.js">
      <Filter>js\ui</Filter>
    </None>
    <None Include="..\js\scene\travellermodify.js">
      <Filter>js\scene</Filter>
    </None>
    <None Include="..\js\scene\travellercreate.js">
      <Filter>js\scene</Filter>
    </None>
    <None Include="..\js\skill\assist_attack.js">
      <Filter>js\skill</Filter>
    </None>
    <None Include="..\js\data\lang.js">
      <Filter>js\data</Filter>
    </None>
    <None Include="..\js\skill\normal_attack.js">
      <Filter>js\skill</Filter>
    </None>
    <None Include="..\js\skill\add_buffer.js">
      <Filter>js\skill</Filter>
    </None>
    <None Include="..\js\skill\normal_heal.js">
      <Filter>js\skill</Filter>
    </None>
    <None Include="..\js\skill\assist_heal.js">
      <Filter>js\skill</Filter>
    </None>
    <None Include="..\js\skill\instant_kill.js">
      <Filter>js\skill</Filter>
    </None>
    <None Include="..\js\skill\valuebase_heal.js">
      <Filter>js\skill</Filter>
    </None>
    <None Include="..\js\skill\counter_attack.js">
      <Filter>js\skill</Filter>
    </None>
    <None Include="..\js\extra\seedrandom.js">
      <Filter>js\extra</Filter>
    </None>
    <None Include="..\js\scene\travellername.js">
      <Filter>js\scene</Filter>
    </None>
    <None Include="..\js\scene\submapscene.js">
      <Filter>js\scene</Filter>
    </None>
    <None Include="..\js\ui\stageinfo.js">
      <Filter>js\ui</Filter>
    </None>
    <None Include="..\js\scene\battlefield.js">
      <Filter>js\scene</Filter>
    </None>
    <None Include="..\js\scene\battleresult.js">
      <Filter>js\scene</Filter>
    </None>
    <None Include="..\js\ui\uisoul.js">
      <Filter>js\ui</Filter>
    </None>
    <None Include="..\js\ui\uiitem.js">
      <Filter>js\ui</Filter>
    </None>
    <None Include="..\js\ui\create_ui.js">
      <Filter>js\ui</Filter>
    </None>
    <None Include="..\js\virtual\traveller_modify.js">
      <Filter>js\virtual</Filter>
    </None>
    <None Include="..\js\virtual\battle_ranking.js">
      <Filter>js\virtual</Filter>
    </None>
    <None Include="..\js\virtual\battle_stage.js">
      <Filter>js\virtual</Filter>
    </None>
    <None Include="..\js\virtual\equip_enhence.js">
      <Filter>js\virtual</Filter>
    </None>
    <None Include="..\js\virtual\equip_make.js">
      <Filter>js\virtual</Filter>
    </None>
    <None Include="..\js\virtual\login.js">
      <Filter>js\virtual</Filter>
    </None>
    <None Include="..\js\virtual\mail_read.js">
      <Filter>js\virtual</Filter>
    </None>
    <None Include="..\js\virtual\mail_receive.js">
      <Filter>js\virtual</Filter>
    </None>
    <None Include="..\js\virtual\mail_send.js">
      <Filter>js\virtual</Filter>
    </None>
    <None Include="..\js\virtual\region_enter.js">
      <Filter>js\virtual</Filter>
    </None>
    <None Include="..\js\virtual\region_list.js">
      <Filter>js\virtual</Filter>
    </None>
    <None Include="..\js\virtual\register.js">
      <Filter>js\virtual</Filter>
    </None>
    <None Include="..\js\virtual\role_create.js">
      <Filter>js\virtual</Filter>
    </None>
    <None Include="..\js\virtual\role_slot.js">
      <Filter>js\virtual</Filter>
    </None>
    <None Include="..\js\virtual\soul_combine.js">
      <Filter>js\virtual</Filter>
    </None>
    <None Include="..\js\virtual\soul_starup.js">
      <Filter>js\virtual</Filter>
    </None>
    <None Include="..\js\virtual\traveller_create.js">
      <Filter>js\virtual</Filter>
    </None>
    <None Include="..\js\scene\travellerinfo.js">
      <Filter>js\scene</Filter>
    </None>
    <None Include="..\js\ui\skillbar.js">
      <Filter>js\ui</Filter>
    </None>
    <None Include="..\js\scene\equipchoose.js">
      <Filter>js\scene</Filter>
    </None>
    <None Include="..\js\ui\equipbar.js">
      <Filter>js\ui</Filter>
    </None>
    <None Include="..\js\ui\rewardslot.js">
      <Filter>js\ui</Filter>
    </None>
    <None Include="..\js\scene\mainmap.js">
      <Filter>js\scene</Filter>
    </None>
  </ItemGroup>
  <ItemGroup>
    <ResourceCompile Include="AnotherWorld.rc" />
  </ItemGroup>
  <ItemGroup>
    <Filter Include="js">
      <UniqueIdentifier>{ddd80c51-f9ef-4438-a7da-878fda2e4393}</UniqueIdentifier>
    </Filter>
    <Filter Include="js\extra">
      <UniqueIdentifier>{4d818b4c-4d15-4da1-b029-be7c86ce0c75}</UniqueIdentifier>
    </Filter>
    <Filter Include="js\objects">
      <UniqueIdentifier>{bc3a317c-68ac-4df1-b02a-40976c15f84d}</UniqueIdentifier>
    </Filter>
    <Filter Include="js\data">
      <UniqueIdentifier>{cc20af63-f82f-472c-b8cc-09206fba8e6d}</UniqueIdentifier>
    </Filter>
    <Filter Include="js\ui">
      <UniqueIdentifier>{893bc8ae-e355-4779-9210-cdfc224bbe8b}</UniqueIdentifier>
    </Filter>
    <Filter Include="js\scene">
      <UniqueIdentifier>{0d786b61-e5cd-4f24-863b-81c9ef72db5f}</UniqueIdentifier>
    </Filter>
    <Filter Include="js\state">
      <UniqueIdentifier>{6f801eef-f6f1-4111-bfe1-0e87b16bdda5}</UniqueIdentifier>
    </Filter>
    <Filter Include="js\skill">
      <UniqueIdentifier>{373d9660-7ef8-48d3-a471-bdec06d36f37}</UniqueIdentifier>
    </Filter>
    <Filter Include="js\virtual">
      <UniqueIdentifier>{ae266604-03e1-4b89-a152-e69398e020cd}</UniqueIdentifier>
    </Filter>
  </ItemGroup>
</Project>